// !$*UTF8*$!
{
	archiveVersion = 1;
	classes = {
	};
	objectVersion = 56;
	objects = {

/* Begin PBXBuildFile section */
		100000000000000000000001 /* InfinityHubApp.swift in Sources */ = {isa = PBXBuildFile; fileRef = 200000000000000000000001 /* InfinityHubApp.swift */; };
		100000000000000000000002 /* BatteryViewModel.swift in Sources */ = {isa = PBXBuildFile; fileRef = 200000000000000000000002 /* BatteryViewModel.swift */; };
		100000000000000000000003 /* InfinityHubService.swift in Sources */ = {isa = PBXBuildFile; fileRef = 200000000000000000000003 /* InfinityHubService.swift */; };
		100000000000000000000004 /* MenuBarContentView.swift in Sources */ = {isa = PBXBuildFile; fileRef = 200000000000000000000004 /* MenuBarContentView.swift */; };
		100000000000000000000005 /* AMInfinity97BluetoothBatteryReader.swift in Sources */ = {isa = PBXBuildFile; fileRef = 20000000000000000000000E /* AMInfinity97BluetoothBatteryReader.swift */; };
		C2EAB865301355CA008A37C9 /* AngryMiao.icon in Resources */ = {isa = PBXBuildFile; fileRef = C2EAB864301355CA008A37C9 /* AngryMiao.icon */; };
/* End PBXBuildFile section */

/* Begin PBXFileReference section */
		200000000000000000000001 /* InfinityHubApp.swift */ = {isa = PBXFileReference; lastKnownFileType = sourcecode.swift; path = InfinityHubApp.swift; sourceTree = "<group>"; };
		200000000000000000000002 /* BatteryViewModel.swift */ = {isa = PBXFileReference; lastKnownFileType = sourcecode.swift; path = BatteryViewModel.swift; sourceTree = "<group>"; };
		200000000000000000000003 /* InfinityHubService.swift */ = {isa = PBXFileReference; lastKnownFileType = sourcecode.swift; path = InfinityHubService.swift; sourceTree = "<group>"; };
		200000000000000000000004 /* MenuBarContentView.swift */ = {isa = PBXFileReference; lastKnownFileType = sourcecode.swift; path = MenuBarContentView.swift; sourceTree = "<group>"; };
		200000000000000000000005 /* Infinity Hub.app */ = {isa = PBXFileReference; explicitFileType = wrapper.application; includeInIndex = 0; path = "Infinity Hub.app"; sourceTree = BUILT_PRODUCTS_DIR; };
		200000000000000000000006 /* README.md */ = {isa = PBXFileReference; lastKnownFileType = net.daringfireball.markdown; path = README.md; sourceTree = "<group>"; };
		200000000000000000000007 /* Protocol.md */ = {isa = PBXFileReference; lastKnownFileType = net.daringfireball.markdown; path = Protocol.md; sourceTree = "<group>"; };
		200000000000000000000008 /* Device-Research.md */ = {isa = PBXFileReference; lastKnownFileType = net.daringfireball.markdown; path = "Device-Research.md"; sourceTree = "<group>"; };
		200000000000000000000009 /* macOS-Battery-Publishing.md */ = {isa = PBXFileReference; lastKnownFileType = net.daringfireball.markdown; path = "macOS-Battery-Publishing.md"; sourceTree = "<group>"; };
		20000000000000000000000A /* README.md */ = {isa = PBXFileReference; lastKnownFileType = net.daringfireball.markdown; path = README.md; sourceTree = "<group>"; };
		20000000000000000000000B /* main.swift */ = {isa = PBXFileReference; lastKnownFileType = sourcecode.swift; path = main.swift; sourceTree = "<group>"; };
		20000000000000000000000C /* main.swift */ = {isa = PBXFileReference; lastKnownFileType = sourcecode.swift; path = main.swift; sourceTree = "<group>"; };
		20000000000000000000000D /* main.swift */ = {isa = PBXFileReference; lastKnownFileType = sourcecode.swift; path = main.swift; sourceTree = "<group>"; };
		20000000000000000000000E /* AMInfinity97BluetoothBatteryReader.swift */ = {isa = PBXFileReference; lastKnownFileType = sourcecode.swift; path = AMInfinity97BluetoothBatteryReader.swift; sourceTree = "<group>"; };
		C2EAB864301355CA008A37C9 /* AngryMiao.icon */ = {isa = PBXFileReference; lastKnownFileType = folder.iconcomposer.icon; path = AngryMiao.icon; sourceTree = "<group>"; };
/* End PBXFileReference section */

/* Begin PBXFrameworksBuildPhase section */
		300000000000000000000001 /* Frameworks */ = {
			isa = PBXFrameworksBuildPhase;
			buildActionMask = 2147483647;
			files = (
			);
			runOnlyForDeploymentPostprocessing = 0;
		};
/* End PBXFrameworksBuildPhase section */

/* Begin PBXGroup section */
		400000000000000000000001 = {
			isa = PBXGroup;
			children = (
				200000000000000000000006 /* README.md */,
				400000000000000000000002 /* Infinity Hub */,
				400000000000000000000004 /* Docs */,
				400000000000000000000005 /* Tools */,
				400000000000000000000003 /* Products */,
			);
			sourceTree = "<group>";
		};
		400000000000000000000002 /* Infinity Hub */ = {
			isa = PBXGroup;
			children = (
				200000000000000000000001 /* InfinityHubApp.swift */,
				200000000000000000000002 /* BatteryViewModel.swift */,
				200000000000000000000003 /* InfinityHubService.swift */,
				20000000000000000000000E /* AMInfinity97BluetoothBatteryReader.swift */,
				200000000000000000000004 /* MenuBarContentView.swift */,
				C2EAB864301355CA008A37C9 /* AngryMiao.icon */,
			);
			path = "Infinity Hub";
			sourceTree = "<group>";
		};
		400000000000000000000003 /* Products */ = {
			isa = PBXGroup;
			children = (
				200000000000000000000005 /* Infinity Hub.app */,
			);
			name = Products;
			sourceTree = "<group>";
		};
		400000000000000000000004 /* Docs */ = {
			isa = PBXGroup;
			children = (
				200000000000000000000007 /* Protocol.md */,
				200000000000000000000008 /* Device-Research.md */,
				200000000000000000000009 /* macOS-Battery-Publishing.md */,
			);
			path = Docs;
			sourceTree = "<group>";
		};
		400000000000000000000005 /* Tools */ = {
			isa = PBXGroup;
			children = (
				20000000000000000000000A /* README.md */,
				400000000000000000000006 /* battery-probe */,
				400000000000000000000007 /* hid-inspector */,
				400000000000000000000008 /* original-battery-probe */,
			);
			path = Tools;
			sourceTree = "<group>";
		};
		400000000000000000000006 /* battery-probe */ = {
			isa = PBXGroup;
			children = (
				20000000000000000000000B /* main.swift */,
			);
			path = "battery-probe";
			sourceTree = "<group>";
		};
		400000000000000000000007 /* hid-inspector */ = {
			isa = PBXGroup;
			children = (
				20000000000000000000000C /* main.swift */,
			);
			path = "hid-inspector";
			sourceTree = "<group>";
		};
		400000000000000000000008 /* original-battery-probe */ = {
			isa = PBXGroup;
			children = (
				20000000000000000000000D /* main.swift */,
			);
			path = "original-battery-probe";
			sourceTree = "<group>";
		};
/* End PBXGroup section */

/* Begin PBXNativeTarget section */
		500000000000000000000001 /* Infinity Hub */ = {
			isa = PBXNativeTarget;
			buildConfigurationList = 900000000000000000000002 /* Build configuration list for PBXNativeTarget "Infinity Hub" */;
			buildPhases = (
				700000000000000000000001 /* Sources */,
				300000000000000000000001 /* Frameworks */,
				700000000000000000000002 /* Resources */,
			);
			buildRules = (
			);
			dependencies = (
			);
			name = "Infinity Hub";
			productName = "Infinity Hub";
			productReference = 200000000000000000000005 /* Infinity Hub.app */;
			productType = "com.apple.product-type.application";
		};
/* End PBXNativeTarget section */

/* Begin PBXProject section */
		600000000000000000000001 /* Project object */ = {
			isa = PBXProject;
			attributes = {
				BuildIndependentTargetsInParallel = 1;
				LastSwiftUpdateCheck = 2700;
				LastUpgradeCheck = 2700;
				TargetAttributes = {
					500000000000000000000001 = {
						CreatedOnToolsVersion = 27.0;
					};
				};
			};
			buildConfigurationList = 900000000000000000000001 /* Build configuration list for PBXProject "Infinity Hub" */;
			compatibilityVersion = "Xcode 14.0";
			developmentRegion = en;
			hasScannedForEncodings = 0;
			knownRegions = (
				en,
				Base,
			);
			mainGroup = 400000000000000000000001;
			productRefGroup = 400000000000000000000003 /* Products */;
			projectDirPath = "";
			projectRoot = "";
			targets = (
				500000000000000000000001 /* Infinity Hub */,
			);
		};
/* End PBXProject section */

/* Begin PBXResourcesBuildPhase section */
		700000000000000000000002 /* Resources */ = {
			isa = PBXResourcesBuildPhase;
			buildActionMask = 2147483647;
			files = (
				C2EAB865301355CA008A37C9 /* AngryMiao.icon in Resources */,
			);
			runOnlyForDeploymentPostprocessing = 0;
		};
/* End PBXResourcesBuildPhase section */

/* Begin PBXSourcesBuildPhase section */
		700000000000000000000001 /* Sources */ = {
			isa = PBXSourcesBuildPhase;
			buildActionMask = 2147483647;
			files = (
				100000000000000000000001 /* InfinityHubApp.swift in Sources */,
				100000000000000000000002 /* BatteryViewModel.swift in Sources */,
				100000000000000000000003 /* InfinityHubService.swift in Sources */,
				100000000000000000000005 /* AMInfinity97BluetoothBatteryReader.swift in Sources */,
				100000000000000000000004 /* MenuBarContentView.swift in Sources */,
			);
			runOnlyForDeploymentPostprocessing = 0;
		};
/* End PBXSourcesBuildPhase section */

/* Begin XCBuildConfiguration section */
		800000000000000000000001 /* Debug */ = {
			isa = XCBuildConfiguration;
			buildSettings = {
				ALWAYS_SEARCH_USER_PATHS = NO;
				CLANG_ANALYZER_NONNULL = YES;
				CLANG_ANALYZER_NUMBER_OBJECT_CONVERSION = YES_AGGRESSIVE;
				CLANG_CXX_LANGUAGE_STANDARD = "gnu++20";
				CLANG_ENABLE_MODULES = YES;
				CLANG_ENABLE_OBJC_ARC = YES;
				CLANG_ENABLE_OBJC_WEAK = YES;
				CLANG_WARN_BLOCK_CAPTURE_AUTORELEASING = YES;
				CLANG_WARN_BOOL_CONVERSION = YES;
				CLANG_WARN_COMMA = YES;
				CLANG_WARN_CONSTANT_CONVERSION = YES;
				CLANG_WARN_DEPRECATED_OBJC_IMPLEMENTATIONS = YES;
				CLANG_WARN_DIRECT_OBJC_ISA_USAGE = YES_ERROR;
				CLANG_WARN_DOCUMENTATION_COMMENTS = YES;
				CLANG_WARN_EMPTY_BODY = YES;
				CLANG_WARN_ENUM_CONVERSION = YES;
				CLANG_WARN_INFINITE_RECURSION = YES;
				CLANG_WARN_INT_CONVERSION = YES;
				CLANG_WARN_NON_LITERAL_NULL_CONVERSION = YES;
				CLANG_WARN_OBJC_IMPLICIT_RETAIN_SELF = YES;
				CLANG_WARN_OBJC_LITERAL_CONVERSION = YES;
				CLANG_WARN_OBJC_ROOT_CLASS = YES_ERROR;
				CLANG_WARN_QUOTED_INCLUDE_IN_FRAMEWORK_HEADER = YES;
				CLANG_WARN_RANGE_LOOP_ANALYSIS = YES;
				CLANG_WARN_STRICT_PROTOTYPES = YES;
				CLANG_WARN_SUSPICIOUS_MOVE = YES;
				CLANG_WARN_UNGUARDED_AVAILABILITY = YES_AGGRESSIVE;
				CLANG_WARN_UNREACHABLE_CODE = YES;
				CLANG_WARN__DUPLICATE_METHOD_MATCH = YES;
				COPY_PHASE_STRIP = NO;
				DEBUG_INFORMATION_FORMAT = dwarf;
				ENABLE_STRICT_OBJC_MSGSEND = YES;
				ENABLE_TESTABILITY = YES;
				GCC_C_LANGUAGE_STANDARD = gnu17;
				GCC_DYNAMIC_NO_PIC = NO;
				GCC_NO_COMMON_BLOCKS = YES;
				GCC_OPTIMIZATION_LEVEL = 0;
				GCC_PREPROCESSOR_DEFINITIONS = (
					"DEBUG=1",
					"$(inherited)",
				);
				GCC_WARN_64_TO_32_BIT_CONVERSION = YES;
				GCC_WARN_ABOUT_RETURN_TYPE = YES_ERROR;
				GCC_WARN_UNDECLARED_SELECTOR = YES;
				GCC_WARN_UNINITIALIZED_AUTOS = YES_AGGRESSIVE;
				GCC_WARN_UNUSED_FUNCTION = YES;
				GCC_WARN_UNUSED_VARIABLE = YES;
				MACOSX_DEPLOYMENT_TARGET = 14.0;
				MTL_ENABLE_DEBUG_INFO = INCLUDE_SOURCE;
				MTL_FAST_MATH = YES;
				ONLY_ACTIVE_ARCH = YES;
				SDKROOT = macosx;
				SWIFT_ACTIVE_COMPILATION_CONDITIONS = "DEBUG $(inherited)";
				SWIFT_OPTIMIZATION_LEVEL = "-Onone";
			};
			name = Debug;
		};
		800000000000000000000002 /* Release */ = {
			isa = XCBuildConfiguration;
			buildSettings = {
				ALWAYS_SEARCH_USER_PATHS = NO;
				CLANG_ANALYZER_NONNULL = YES;
				CLANG_ANALYZER_NUMBER_OBJECT_CONVERSION = YES_AGGRESSIVE;
				CLANG_CXX_LANGUAGE_STANDARD = "gnu++20";
				CLANG_ENABLE_MODULES = YES;
				CLANG_ENABLE_OBJC_ARC = YES;
				CLANG_ENABLE_OBJC_WEAK = YES;
				CLANG_WARN_BLOCK_CAPTURE_AUTORELEASING = YES;
				CLANG_WARN_BOOL_CONVERSION = YES;
				CLANG_WARN_COMMA = YES;
				CLANG_WARN_CONSTANT_CONVERSION = YES;
				CLANG_WARN_DEPRECATED_OBJC_IMPLEMENTATIONS = YES;
				CLANG_WARN_DIRECT_OBJC_ISA_USAGE = YES_ERROR;
				CLANG_WARN_DOCUMENTATION_COMMENTS = YES;
				CLANG_WARN_EMPTY_BODY = YES;
				CLANG_WARN_ENUM_CONVERSION = YES;
				CLANG_WARN_INFINITE_RECURSION = YES;
				CLANG_WARN_INT_CONVERSION = YES;
				CLANG_WARN_NON_LITERAL_NULL_CONVERSION = YES;
				CLANG_WARN_OBJC_IMPLICIT_RETAIN_SELF = YES;
				CLANG_WARN_OBJC_LITERAL_CONVERSION = YES;
				CLANG_WARN_OBJC_ROOT_CLASS = YES_ERROR;
				CLANG_WARN_QUOTED_INCLUDE_IN_FRAMEWORK_HEADER = YES;
				CLANG_WARN_RANGE_LOOP_ANALYSIS = YES;
				CLANG_WARN_STRICT_PROTOTYPES = YES;
				CLANG_WARN_SUSPICIOUS_MOVE = YES;
				CLANG_WARN_UNGUARDED_AVAILABILITY = YES_AGGRESSIVE;
				CLANG_WARN_UNREACHABLE_CODE = YES;
				CLANG_WARN__DUPLICATE_METHOD_MATCH = YES;
				COPY_PHASE_STRIP = NO;
				DEBUG_INFORMATION_FORMAT = "dwarf-with-dsym";
				ENABLE_NS_ASSERTIONS = NO;
				ENABLE_STRICT_OBJC_MSGSEND = YES;
				GCC_C_LANGUAGE_STANDARD = gnu17;
				GCC_NO_COMMON_BLOCKS = YES;
				GCC_WARN_64_TO_32_BIT_CONVERSION = YES;
				GCC_WARN_ABOUT_RETURN_TYPE = YES_ERROR;
				GCC_WARN_UNDECLARED_SELECTOR = YES;
				GCC_WARN_UNINITIALIZED_AUTOS = YES_AGGRESSIVE;
				GCC_WARN_UNUSED_FUNCTION = YES;
				GCC_WARN_UNUSED_VARIABLE = YES;
				MACOSX_DEPLOYMENT_TARGET = 14.0;
				MTL_ENABLE_DEBUG_INFO = NO;
				MTL_FAST_MATH = YES;
				SDKROOT = macosx;
				SWIFT_COMPILATION_MODE = wholemodule;
			};
			name = Release;
		};
		800000000000000000000003 /* Debug */ = {
			isa = XCBuildConfiguration;
			buildSettings = {
				ASSETCATALOG_COMPILER_APPICON_NAME = AngryMiao;
				CODE_SIGN_STYLE = Automatic;
				COMBINE_HIDPI_IMAGES = YES;
				CURRENT_PROJECT_VERSION = 2;
				DEVELOPMENT_TEAM = CH75XA8LVR;
				ENABLE_HARDENED_RUNTIME = YES;
				GENERATE_INFOPLIST_FILE = YES;
				INFOPLIST_KEY_CFBundleDisplayName = "Infinity Hub";
				INFOPLIST_KEY_LSApplicationCategoryType = "public.app-category.utilities";
				INFOPLIST_KEY_LSUIElement = YES;
				INFOPLIST_KEY_NSBluetoothAlwaysUsageDescription = "Infinity Hub reads the connected AM Infinity .97 battery level over Bluetooth.";
				LD_RUNPATH_SEARCH_PATHS = (
					"$(inherited)",
					"@executable_path/../Frameworks",
				);
				MARKETING_VERSION = 1.0.0;
				PRODUCT_BUNDLE_IDENTIFIER = design.specos.infinityhub;
				PRODUCT_NAME = "$(TARGET_NAME)";
				SWIFT_EMIT_LOC_STRINGS = YES;
				SWIFT_VERSION = 5.0;
			};
			name = Debug;
		};
		800000000000000000000004 /* Release */ = {
			isa = XCBuildConfiguration;
			buildSettings = {
				ASSETCATALOG_COMPILER_APPICON_NAME = AngryMiao;
				CODE_SIGN_STYLE = Automatic;
				COMBINE_HIDPI_IMAGES = YES;
				CURRENT_PROJECT_VERSION = 2;
				DEVELOPMENT_TEAM = CH75XA8LVR;
				ENABLE_HARDENED_RUNTIME = YES;
				GENERATE_INFOPLIST_FILE = YES;
				INFOPLIST_KEY_CFBundleDisplayName = "Infinity Hub";
				INFOPLIST_KEY_LSApplicationCategoryType = "public.app-category.utilities";
				INFOPLIST_KEY_LSUIElement = YES;
				INFOPLIST_KEY_NSBluetoothAlwaysUsageDescription = "Infinity Hub reads the connected AM Infinity .97 battery level over Bluetooth.";
				LD_RUNPATH_SEARCH_PATHS = (
					"$(inherited)",
					"@executable_path/../Frameworks",
				);
				MARKETING_VERSION = 1.0.0;
				PRODUCT_BUNDLE_IDENTIFIER = design.specos.infinityhub;
				PRODUCT_NAME = "$(TARGET_NAME)";
				SWIFT_EMIT_LOC_STRINGS = YES;
				SWIFT_VERSION = 5.0;
			};
			name = Release;
		};
/* End XCBuildConfiguration section */

/* Begin XCConfigurationList section */
		900000000000000000000001 /* Build configuration list for PBXProject "Infinity Hub" */ = {
			isa = XCConfigurationList;
			buildConfigurations = (
				800000000000000000000001 /* Debug */,
				800000000000000000000002 /* Release */,
			);
			defaultConfigurationIsVisible = 0;
			defaultConfigurationName = Release;
		};
		900000000000000000000002 /* Build configuration list for PBXNativeTarget "Infinity Hub" */ = {
			isa = XCConfigurationList;
			buildConfigurations = (
				800000000000000000000003 /* Debug */,
				800000000000000000000004 /* Release */,
			);
			defaultConfigurationIsVisible = 0;
			defaultConfigurationName = Release;
		};
/* End XCConfigurationList section */
	};
	rootObject = 600000000000000000000001 /* Project object */;
}
